// !$*UTF8*$!
{
	archiveVersion = 1;
	classes = {
	};
	objectVersion = 55;
	objects = {

/* Begin PBXBuildFile section */
		155F19F42865F1830033554A /* animation.swift in Sources */ = {isa = PBXBuildFile; fileRef = 155F19F32865F1830033554A /* animation.swift */; };
		157856D92811AA1D009BD650 /* kmnApp.swift in Sources */ = {isa = PBXBuildFile; fileRef = 157856D82811AA1D009BD650 /* kmnApp.swift */; };
		157856DB2811AA1D009BD650 /* ContentView.swift in Sources */ = {isa = PBXBuildFile; fileRef = 157856DA2811AA1D009BD650 /* ContentView.swift */; };
		157856DD2811AA20009BD650 /* Assets.xcassets in Resources */ = {isa = PBXBuildFile; fileRef = 157856DC2811AA20009BD650 /* Assets.xcassets */; };
		157856E02811AA20009BD650 /* Preview Assets.xcassets in Resources */ = {isa = PBXBuildFile; fileRef = 157856DF2811AA20009BD650 /* Preview Assets.xcassets */; };
		157856EA2811AA20009BD650 /* kmnTests.swift in Sources */ = {isa = PBXBuildFile; fileRef = 157856E92811AA20009BD650 /* kmnTests.swift */; };
		157856F42811AA20009BD650 /* kmnUITests.swift in Sources */ = {isa = PBXBuildFile; fileRef = 157856F32811AA20009BD650 /* kmnUITests.swift */; };
		157856F62811AA20009BD650 /* kmnUITestsLaunchTests.swift in Sources */ = {isa = PBXBuildFile; fileRef = 157856F52811AA20009BD650 /* kmnUITestsLaunchTests.swift */; };
		15FB28C22853B7DA00F6646A /* Function.swift in Sources */ = {isa = PBXBuildFile; fileRef = 15FB28C12853B7DA00F6646A /* Function.swift */; };
		15FB28C42853B86300F6646A /* LogIn Screen.swift in Sources */ = {isa = PBXBuildFile; fileRef = 15FB28C32853B86300F6646A /* LogIn Screen.swift */; };
/* End PBXBuildFile section */

/* Begin PBXContainerItemProxy section */
		157856E62811AA20009BD650 /* PBXContainerItemProxy */ = {
			isa = PBXContainerItemProxy;
			containerPortal = 157856CD2811AA1D009BD650 /* Project object */;
			proxyType = 1;
			remoteGlobalIDString = 157856D42811AA1D009BD650;
			remoteInfo = kmn;
		};
		157856F02811AA20009BD650 /* PBXContainerItemProxy */ = {
			isa = PBXContainerItemProxy;
			containerPortal = 157856CD2811AA1D009BD650 /* Project object */;
			proxyType = 1;
			remoteGlobalIDString = 157856D42811AA1D009BD650;
			remoteInfo = kmn;
		};
/* End PBXContainerItemProxy section */

/* Begin PBXFileReference section */
		155F19F32865F1830033554A /* animation.swift */ = {isa = PBXFileReference; lastKnownFileType = sourcecode.swift; path = animation.swift; sourceTree = "<group>"; };
		157856D52811AA1D009BD650 /* kmn.app */ = {isa = PBXFileReference; explicitFileType = wrapper.application; includeInIndex = 0; path = kmn.app; sourceTree = BUILT_PRODUCTS_DIR; };
		157856D82811AA1D009BD650 /* kmnApp.swift */ = {isa = PBXFileReference; lastKnownFileType = sourcecode.swift; path = kmnApp.swift; sourceTree = "<group>"; };
		157856DA2811AA1D009BD650 /* ContentView.swift */ = {isa = PBXFileReference; lastKnownFileType = sourcecode.swift; path = ContentView.swift; sourceTree = "<group>"; };
		157856DC2811AA20009BD650 /* Assets.xcassets */ = {isa = PBXFileReference; lastKnownFileType = folder.assetcatalog; path = Assets.xcassets; sourceTree = "<group>"; };
		157856DF2811AA20009BD650 /* Preview Assets.xcassets */ = {isa = PBXFileReference; lastKnownFileType = folder.assetcatalog; path = "Preview Assets.xcassets"; sourceTree = "<group>"; };
		157856E52811AA20009BD650 /* kmnTests.xctest */ = {isa = PBXFileReference; explicitFileType = wrapper.cfbundle; includeInIndex = 0; path = kmnTests.xctest; sourceTree = BUILT_PRODUCTS_DIR; };
		157856E92811AA20009BD650 /* kmnTests.swift */ = {isa = PBXFileReference; lastKnownFileType = sourcecode.swift; path = kmnTests.swift; sourceTree = "<group>"; };
		157856EF2811AA20009BD650 /* kmnUITests.xctest */ = {isa = PBXFileReference; explicitFileType = wrapper.cfbundle; includeInIndex = 0; path = kmnUITests.xctest; sourceTree = BUILT_PRODUCTS_DIR; };
		157856F32811AA20009BD650 /* kmnUITests.swift */ = {isa = PBXFileReference; lastKnownFileType = sourcecode.swift; path = kmnUITests.swift; sourceTree = "<group>"; };
		157856F52811AA20009BD650 /* kmnUITestsLaunchTests.swift */ = {isa = PBXFileReference; lastKnownFileType = sourcecode.swift; path = kmnUITestsLaunchTests.swift; sourceTree = "<group>"; };
		15FB28C12853B7DA00F6646A /* Function.swift */ = {isa = PBXFileReference; lastKnownFileType = sourcecode.swift; path = Function.swift; sourceTree = "<group>"; };
		15FB28C32853B86300F6646A /* LogIn Screen.swift */ = {isa = PBXFileReference; lastKnownFileType = sourcecode.swift; path = "LogIn Screen.swift"; sourceTree = "<group>"; };
/* End PBXFileReference section */

/* Begin PBXFrameworksBuildPhase section */
		157856D22811AA1D009BD650 /* Frameworks */ = {
			isa = PBXFrameworksBuildPhase;
			buildActionMask = 2147483647;
			files = (
			);
			runOnlyForDeploymentPostprocessing = 0;
		};
		157856E22811AA20009BD650 /* Frameworks */ = {
			isa = PBXFrameworksBuildPhase;
			buildActionMask = 2147483647;
			files = (
			);
			runOnlyForDeploymentPostprocessing = 0;
		};
		157856EC2811AA20009BD650 /* Frameworks */ = {
			isa = PBXFrameworksBuildPhase;
			buildActionMask = 2147483647;
			files = (
			);
			runOnlyForDeploymentPostprocessing = 0;
		};
/* End PBXFrameworksBuildPhase section */

/* Begin PBXGroup section */
		157856CC2811AA1D009BD650 = {
			isa = PBXGroup;
			children = (
				157856D72811AA1D009BD650 /* kmn */,
				157856E82811AA20009BD650 /* kmnTests */,
				157856F22811AA20009BD650 /* kmnUITests */,
				157856D62811AA1D009BD650 /* Products */,
			);
			sourceTree = "<group>";
		};
		157856D62811AA1D009BD650 /* Products */ = {
			isa = PBXGroup;
			children = (
				157856D52811AA1D009BD650 /* kmn.app */,
				157856E52811AA20009BD650 /* kmnTests.xctest */,
				157856EF2811AA20009BD650 /* kmnUITests.xctest */,
			);
			name = Products;
			sourceTree = "<group>";
		};
		157856D72811AA1D009BD650 /* kmn */ = {
			isa = PBXGroup;
			children = (
				157856D82811AA1D009BD650 /* kmnApp.swift */,
				157856DA2811AA1D009BD650 /* ContentView.swift */,
				157856DC2811AA20009BD650 /* Assets.xcassets */,
				157856DE2811AA20009BD650 /* Preview Content */,
				15FB28C12853B7DA00F6646A /* Function.swift */,
				15FB28C32853B86300F6646A /* LogIn Screen.swift */,
				155F19F32865F1830033554A /* animation.swift */,
			);
			path = kmn;
			sourceTree = "<group>";
		};
		157856DE2811AA20009BD650 /* Preview Content */ = {
			isa = PBXGroup;
			children = (
				157856DF2811AA20009BD650 /* Preview Assets.xcassets */,
			);
			path = "Preview Content";
			sourceTree = "<group>";
		};
		157856E82811AA20009BD650 /* kmnTests */ = {
			isa = PBXGroup;
			children = (
				157856E92811AA20009BD650 /* kmnTests.swift */,
			);
			path = kmnTests;
			sourceTree = "<group>";
		};
		157856F22811AA20009BD650 /* kmnUITests */ = {
			isa = PBXGroup;
			children = (
				157856F32811AA20009BD650 /* kmnUITests.swift */,
				157856F52811AA20009BD650 /* kmnUITestsLaunchTests.swift */,
			);
			path = kmnUITests;
			sourceTree = "<group>";
		};
/* End PBXGroup section */

/* Begin PBXNativeTarget section */
		157856D42811AA1D009BD650 /* kmn */ = {
			isa = PBXNativeTarget;
			buildConfigurationList = 157856F92811AA20009BD650 /* Build configuration list for PBXNativeTarget "kmn" */;
			buildPhases = (
				157856D12811AA1D009BD650 /* Sources */,
				157856D22811AA1D009BD650 /* Frameworks */,
				157856D32811AA1D009BD650 /* Resources */,
			);
			buildRules = (
			);
			dependencies = (
			);
			name = kmn;
			productName = kmn;
			productReference = 157856D52811AA1D009BD650 /* kmn.app */;
			productType = "com.apple.product-type.application";
		};
		157856E42811AA20009BD650 /* kmnTests */ = {
			isa = PBXNativeTarget;
			buildConfigurationList = 157856FC2811AA20009BD650 /* Build configuration list for PBXNativeTarget "kmnTests" */;
			buildPhases = (
				157856E12811AA20009BD650 /* Sources */,
				157856E22811AA20009BD650 /* Frameworks */,
				157856E32811AA20009BD650 /* Resources */,
			);
			buildRules = (
			);
			dependencies = (
				157856E72811AA20009BD650 /* PBXTargetDependency */,
			);
			name = kmnTests;
			productName = kmnTests;
			productReference = 157856E52811AA20009BD650 /* kmnTests.xctest */;
			productType = "com.apple.product-type.bundle.unit-test";
		};
		157856EE2811AA20009BD650 /* kmnUITests */ = {
			isa = PBXNativeTarget;
			buildConfigurationList = 157856FF2811AA20009BD650 /* Build configuration list for PBXNativeTarget "kmnUITests" */;
			buildPhases = (
				157856EB2811AA20009BD650 /* Sources */,
				157856EC2811AA20009BD650 /* Frameworks */,
				157856ED2811AA20009BD650 /* Resources */,
			);
			buildRules = (
			);
			dependencies = (
				157856F12811AA20009BD650 /* PBXTargetDependency */,
			);
			name = kmnUITests;
			productName = kmnUITests;
			productReference = 157856EF2811AA20009BD650 /* kmnUITests.xctest */;
			productType = "com.apple.product-type.bundle.ui-testing";
		};
/* End PBXNativeTarget section */

/* Begin PBXProject section */
		157856CD2811AA1D009BD650 /* Project object */ = {
			isa = PBXProject;
			attributes = {
				BuildIndependentTargetsInParallel = 1;
				LastSwiftUpdateCheck = 1330;
				LastUpgradeCheck = 1330;
				TargetAttributes = {
					157856D42811AA1D009BD650 = {
						CreatedOnToolsVersion = 13.3.1;
					};
					157856E42811AA20009BD650 = {
						CreatedOnToolsVersion = 13.3.1;
						TestTargetID = 157856D42811AA1D009BD650;
					};
					157856EE2811AA20009BD650 = {
						CreatedOnToolsVersion = 13.3.1;
						TestTargetID = 157856D42811AA1D009BD650;
					};
				};
			};
			buildConfigurationList = 157856D02811AA1D009BD650 /* Build configuration list for PBXProject "kmn" */;
			compatibilityVersion = "Xcode 13.0";
			developmentRegion = en;
			hasScannedForEncodings = 0;
			knownRegions = (
				en,
				Base,
			);
			mainGroup = 157856CC2811AA1D009BD650;
			productRefGroup = 157856D62811AA1D009BD650 /* Products */;
			projectDirPath = "";
			projectRoot = "";
			targets = (
				157856D42811AA1D009BD650 /* kmn */,
				157856E42811AA20009BD650 /* kmnTests */,
				157856EE2811AA20009BD650 /* kmnUITests */,
			);
		};
/* End PBXProject section */

/* Begin PBXResourcesBuildPhase section */
		157856D32811AA1D009BD650 /* Resources */ = {
			isa = PBXResourcesBuildPhase;
			buildActionMask = 2147483647;
			files = (
				157856E02811AA20009BD650 /* Preview Assets.xcassets in Resources */,
				157856DD2811AA20009BD650 /* Assets.xcassets in Resources */,
			);
			runOnlyForDeploymentPostprocessing = 0;
		};
		157856E32811AA20009BD650 /* Resources */ = {
			isa = PBXResourcesBuildPhase;
			buildActionMask = 2147483647;
			files = (
			);
			runOnlyForDeploymentPostprocessing = 0;
		};
		157856ED2811AA20009BD650 /* Resources */ = {
			isa = PBXResourcesBuildPhase;
			buildActionMask = 2147483647;
			files = (
			);
			runOnlyForDeploymentPostprocessing = 0;
		};
/* End PBXResourcesBuildPhase section */

/* Begin PBXSourcesBuildPhase section */
		157856D12811AA1D009BD650 /* Sources */ = {
			isa = PBXSourcesBuildPhase;
			buildActionMask = 2147483647;
			files = (
				15FB28C22853B7DA00F6646A /* Function.swift in Sources */,
				157856DB2811AA1D009BD650 /* ContentView.swift in Sources */,
				15FB28C42853B86300F6646A /* LogIn Screen.swift in Sources */,
				155F19F42865F1830033554A /* animation.swift in Sources */,
				157856D92811AA1D009BD650 /* kmnApp.swift in Sources */,
			);
			runOnlyForDeploymentPostprocessing = 0;
		};
		157856E12811AA20009BD650 /* Sources */ = {
			isa = PBXSourcesBuildPhase;
			buildActionMask = 2147483647;
			files = (
				157856EA2811AA20009BD650 /* kmnTests.swift in Sources */,
			);
			runOnlyForDeploymentPostprocessing = 0;
		};
		157856EB2811AA20009BD650 /* Sources */ = {
			isa = PBXSourcesBuildPhase;
			buildActionMask = 2147483647;
			files = (
				157856F42811AA20009BD650 /* kmnUITests.swift in Sources */,
				157856F62811AA20009BD650 /* kmnUITestsLaunchTests.swift in Sources */,
			);
			runOnlyForDeploymentPostprocessing = 0;
		};
/* End PBXSourcesBuildPhase section */

/* Begin PBXTargetDependency section */
		157856E72811AA20009BD650 /* PBXTargetDependency */ = {
			isa = PBXTargetDependency;
			target = 157856D42811AA1D009BD650 /* kmn */;
			targetProxy = 157856E62811AA20009BD650 /* PBXContainerItemProxy */;
		};
		157856F12811AA20009BD650 /* PBXTargetDependency */ = {
			isa = PBXTargetDependency;
			target = 157856D42811AA1D009BD650 /* kmn */;
			targetProxy = 157856F02811AA20009BD650 /* PBXContainerItemProxy */;
		};
/* End PBXTargetDependency section */

/* Begin XCBuildConfiguration section */
		157856F72811AA20009BD650 /* Debug */ = {
			isa = XCBuildConfiguration;
			buildSettings = {
				ALWAYS_SEARCH_USER_PATHS = NO;
				CLANG_ANALYZER_NONNULL = YES;
				CLANG_ANALYZER_NUMBER_OBJECT_CONVERSION = YES_AGGRESSIVE;
				CLANG_CXX_LANGUAGE_STANDARD = "gnu++17";
				CLANG_ENABLE_MODULES = YES;
				CLANG_ENABLE_OBJC_ARC = YES;
				CLANG_ENABLE_OBJC_WEAK = YES;
				CLANG_WARN_BLOCK_CAPTURE_AUTORELEASING = YES;
				CLANG_WARN_BOOL_CONVERSION = YES;
				CLANG_WARN_COMMA = YES;
				CLANG_WARN_CONSTANT_CONVERSION = YES;
				CLANG_WARN_DEPRECATED_OBJC_IMPLEMENTATIONS = YES;
				CLANG_WARN_DIRECT_OBJC_ISA_USAGE = YES_ERROR;
				CLANG_WARN_DOCUMENTATION_COMMENTS = YES;
				CLANG_WARN_EMPTY_BODY = YES;
				CLANG_WARN_ENUM_CONVERSION = YES;
				CLANG_WARN_INFINITE_RECURSION = YES;
				CLANG_WARN_INT_CONVERSION = YES;
				CLANG_WARN_NON_LITERAL_NULL_CONVERSION = YES;
				CLANG_WARN_OBJC_IMPLICIT_RETAIN_SELF = YES;
				CLANG_WARN_OBJC_LITERAL_CONVERSION = YES;
				CLANG_WARN_OBJC_ROOT_CLASS = YES_ERROR;
				CLANG_WARN_QUOTED_INCLUDE_IN_FRAMEWORK_HEADER = YES;
				CLANG_WARN_RANGE_LOOP_ANALYSIS = YES;
				CLANG_WARN_STRICT_PROTOTYPES = YES;
				CLANG_WARN_SUSPICIOUS_MOVE = YES;
				CLANG_WARN_UNGUARDED_AVAILABILITY = YES_AGGRESSIVE;
				CLANG_WARN_UNREACHABLE_CODE = YES;
				CLANG_WARN__DUPLICATE_METHOD_MATCH = YES;
				COPY_PHASE_STRIP = NO;
				DEBUG_INFORMATION_FORMAT = dwarf;
				ENABLE_STRICT_OBJC_MSGSEND = YES;
				ENABLE_TESTABILITY = YES;
				GCC_C_LANGUAGE_STANDARD = gnu11;
				GCC_DYNAMIC_NO_PIC = NO;
				GCC_NO_COMMON_BLOCKS = YES;
				GCC_OPTIMIZATION_LEVEL = 0;
				GCC_PREPROCESSOR_DEFINITIONS = (
					"DEBUG=1",
					"$(inherited)",
				);
				GCC_WARN_64_TO_32_BIT_CONVERSION = YES;
				GCC_WARN_ABOUT_RETURN_TYPE = YES_ERROR;
				GCC_WARN_UNDECLARED_SELECTOR = YES;
				GCC_WARN_UNINITIALIZED_AUTOS = YES_AGGRESSIVE;
				GCC_WARN_UNUSED_FUNCTION = YES;
				GCC_WARN_UNUSED_VARIABLE = YES;
				IPHONEOS_DEPLOYMENT_TARGET = 15.4;
				MTL_ENABLE_DEBUG_INFO = INCLUDE_SOURCE;
				MTL_FAST_MATH = YES;
				ONLY_ACTIVE_ARCH = YES;
				SDKROOT = iphoneos;
				SWIFT_ACTIVE_COMPILATION_CONDITIONS = DEBUG;
				SWIFT_OPTIMIZATION_LEVEL = "-Onone";
			};
			name = Debug;
		};
		157856F82811AA20009BD650 /* Release */ = {
			isa = XCBuildConfiguration;
			buildSettings = {
				ALWAYS_SEARCH_USER_PATHS = NO;
				CLANG_ANALYZER_NONNULL = YES;
				CLANG_ANALYZER_NUMBER_OBJECT_CONVERSION = YES_AGGRESSIVE;
				CLANG_CXX_LANGUAGE_STANDARD = "gnu++17";
				CLANG_ENABLE_MODULES = YES;
				CLANG_ENABLE_OBJC_ARC = YES;
				CLANG_ENABLE_OBJC_WEAK = YES;
				CLANG_WARN_BLOCK_CAPTURE_AUTORELEASING = YES;
				CLANG_WARN_BOOL_CONVERSION = YES;
				CLANG_WARN_COMMA = YES;
				CLANG_WARN_CONSTANT_CONVERSION = YES;
				CLANG_WARN_DEPRECATED_OBJC_IMPLEMENTATIONS = YES;
				CLANG_WARN_DIRECT_OBJC_ISA_USAGE = YES_ERROR;
				CLANG_WARN_DOCUMENTATION_COMMENTS = YES;
				CLANG_WARN_EMPTY_BODY = YES;
				CLANG_WARN_ENUM_CONVERSION = YES;
				CLANG_WARN_INFINITE_RECURSION = YES;
				CLANG_WARN_INT_CONVERSION = YES;
				CLANG_WARN_NON_LITERAL_NULL_CONVERSION = YES;
				CLANG_WARN_OBJC_IMPLICIT_RETAIN_SELF = YES;
				CLANG_WARN_OBJC_LITERAL_CONVERSION = YES;
				CLANG_WARN_OBJC_ROOT_CLASS = YES_ERROR;
				CLANG_WARN_QUOTED_INCLUDE_IN_FRAMEWORK_HEADER = YES;
				CLANG_WARN_RANGE_LOOP_ANALYSIS = YES;
				CLANG_WARN_STRICT_PROTOTYPES = YES;
				CLANG_WARN_SUSPICIOUS_MOVE = YES;
				CLANG_WARN_UNGUARDED_AVAILABILITY = YES_AGGRESSIVE;
				CLANG_WARN_UNREACHABLE_CODE = YES;
				CLANG_WARN__DUPLICATE_METHOD_MATCH = YES;
				COPY_PHASE_STRIP = NO;
				DEBUG_INFORMATION_FORMAT = "dwarf-with-dsym";
				ENABLE_NS_ASSERTIONS = NO;
				ENABLE_STRICT_OBJC_MSGSEND = YES;
				GCC_C_LANGUAGE_STANDARD = gnu11;
				GCC_NO_COMMON_BLOCKS = YES;
				GCC_WARN_64_TO_32_BIT_CONVERSION = YES;
				GCC_WARN_ABOUT_RETURN_TYPE = YES_ERROR;
				GCC_WARN_UNDECLARED_SELECTOR = YES;
				GCC_WARN_UNINITIALIZED_AUTOS = YES_AGGRESSIVE;
				GCC_WARN_UNUSED_FUNCTION = YES;
				GCC_WARN_UNUSED_VARIABLE = YES;
				IPHONEOS_DEPLOYMENT_TARGET = 15.4;
				MTL_ENABLE_DEBUG_INFO = NO;
				MTL_FAST_MATH = YES;
				SDKROOT = iphoneos;
				SWIFT_COMPILATION_MODE = wholemodule;
				SWIFT_OPTIMIZATION_LEVEL = "-O";
				VALIDATE_PRODUCT = YES;
			};
			name = Release;
		};
		157856FA2811AA20009BD650 /* Debug */ = {
			isa = XCBuildConfiguration;
			buildSettings = {
				ASSETCATALOG_COMPILER_APPICON_NAME = AppIcon;
				ASSETCATALOG_COMPILER_GLOBAL_ACCENT_COLOR_NAME = AccentColor;
				CODE_SIGN_STYLE = Automatic;
				CURRENT_PROJECT_VERSION = 1;
				DEVELOPMENT_ASSET_PATHS = "\"kmn/Preview Content\"";
				DEVELOPMENT_TEAM = 8HWQZWN9UZ;
				ENABLE_PREVIEWS = YES;
				GENERATE_INFOPLIST_FILE = YES;
				INFOPLIST_KEY_UIApplicationSceneManifest_Generation = YES;
				INFOPLIST_KEY_UIApplicationSupportsIndirectInputEvents = YES;
				INFOPLIST_KEY_UILaunchScreen_Generation = YES;
				INFOPLIST_KEY_UISupportedInterfaceOrientations_iPad = "UIInterfaceOrientationPortrait UIInterfaceOrientationPortraitUpsideDown UIInterfaceOrientationLandscapeLeft UIInterfaceOrientationLandscapeRight";
				INFOPLIST_KEY_UISupportedInterfaceOrientations_iPhone = "UIInterfaceOrientationPortrait UIInterfaceOrientationLandscapeLeft UIInterfaceOrientationLandscapeRight";
				IPHONEOS_DEPLOYMENT_TARGET = 15.0;
				LD_RUNPATH_SEARCH_PATHS = (
					"$(inherited)",
					"@executable_path/Frameworks",
				);
				MARKETING_VERSION = 1.0;
				PRODUCT_BUNDLE_IDENTIFIER = study.kmn;
				PRODUCT_NAME = "$(TARGET_NAME)";
				SWIFT_EMIT_LOC_STRINGS = YES;
				SWIFT_VERSION = 5.0;
				TARGETED_DEVICE_FAMILY = "1,2";
			};
			name = Debug;
		};
		157856FB2811AA20009BD650 /* Release */ = {
			isa = XCBuildConfiguration;
			buildSettings = {
				ASSETCATALOG_COMPILER_APPICON_NAME = AppIcon;
				ASSETCATALOG_COMPILER_GLOBAL_ACCENT_COLOR_NAME = AccentColor;
				CODE_SIGN_STYLE = Automatic;
				CURRENT_PROJECT_VERSION = 1;
				DEVELOPMENT_ASSET_PATHS = "\"kmn/Preview Content\"";
				DEVELOPMENT_TEAM = 8HWQZWN9UZ;
				ENABLE_PREVIEWS = YES;
				GENERATE_INFOPLIST_FILE = YES;
				INFOPLIST_KEY_UIApplicationSceneManifest_Generation = YES;
				INFOPLIST_KEY_UIApplicationSupportsIndirectInputEvents = YES;
				INFOPLIST_KEY_UILaunchScreen_Generation = YES;
				INFOPLIST_KEY_UISupportedInterfaceOrientations_iPad = "UIInterfaceOrientationPortrait UIInterfaceOrientationPortraitUpsideDown UIInterfaceOrientationLandscapeLeft UIInterfaceOrientationLandscapeRight";
				INFOPLIST_KEY_UISupportedInterfaceOrientations_iPhone = "UIInterfaceOrientationPortrait UIInterfaceOrientationLandscapeLeft UIInterfaceOrientationLandscapeRight";
				IPHONEOS_DEPLOYMENT_TARGET = 15.0;
				LD_RUNPATH_SEARCH_PATHS = (
					"$(inherited)",
					"@executable_path/Frameworks",
				);
				MARKETING_VERSION = 1.0;
				PRODUCT_BUNDLE_IDENTIFIER = study.kmn;
				PRODUCT_NAME = "$(TARGET_NAME)";
				SWIFT_EMIT_LOC_STRINGS = YES;
				SWIFT_VERSION = 5.0;
				TARGETED_DEVICE_FAMILY = "1,2";
			};
			name = Release;
		};
		157856FD2811AA20009BD650 /* Debug */ = {
			isa = XCBuildConfiguration;
			buildSettings = {
				ALWAYS_EMBED_SWIFT_STANDARD_LIBRARIES = YES;
				BUNDLE_LOADER = "$(TEST_HOST)";
				CODE_SIGN_STYLE = Automatic;
				CURRENT_PROJECT_VERSION = 1;
				DEVELOPMENT_TEAM = 26S62D8826;
				GENERATE_INFOPLIST_FILE = YES;
				IPHONEOS_DEPLOYMENT_TARGET = 15.4;
				MARKETING_VERSION = 1.0;
				PRODUCT_BUNDLE_IDENTIFIER = study.kmnTests;
				PRODUCT_NAME = "$(TARGET_NAME)";
				SWIFT_EMIT_LOC_STRINGS = NO;
				SWIFT_VERSION = 5.0;
				TARGETED_DEVICE_FAMILY = "1,2";
				TEST_HOST = "$(BUILT_PRODUCTS_DIR)/kmn.app/kmn";
			};
			name = Debug;
		};
		157856FE2811AA20009BD650 /* Release */ = {
			isa = XCBuildConfiguration;
			buildSettings = {
				ALWAYS_EMBED_SWIFT_STANDARD_LIBRARIES = YES;
				BUNDLE_LOADER = "$(TEST_HOST)";
				CODE_SIGN_STYLE = Automatic;
				CURRENT_PROJECT_VERSION = 1;
				DEVELOPMENT_TEAM = 26S62D8826;
				GENERATE_INFOPLIST_FILE = YES;
				IPHONEOS_DEPLOYMENT_TARGET = 15.4;
				MARKETING_VERSION = 1.0;
				PRODUCT_BUNDLE_IDENTIFIER = study.kmnTests;
				PRODUCT_NAME = "$(TARGET_NAME)";
				SWIFT_EMIT_LOC_STRINGS = NO;
				SWIFT_VERSION = 5.0;
				TARGETED_DEVICE_FAMILY = "1,2";
				TEST_HOST = "$(BUILT_PRODUCTS_DIR)/kmn.app/kmn";
			};
			name = Release;
		};
		157857002811AA20009BD650 /* Debug */ = {
			isa = XCBuildConfiguration;
			buildSettings = {
				ALWAYS_EMBED_SWIFT_STANDARD_LIBRARIES = YES;
				CODE_SIGN_STYLE = Automatic;
				CURRENT_PROJECT_VERSION = 1;
				DEVELOPMENT_TEAM = 26S62D8826;
				GENERATE_INFOPLIST_FILE = YES;
				MARKETING_VERSION = 1.0;
				PRODUCT_BUNDLE_IDENTIFIER = study.kmnUITests;
				PRODUCT_NAME = "$(TARGET_NAME)";
				SWIFT_EMIT_LOC_STRINGS = NO;
				SWIFT_VERSION = 5.0;
				TARGETED_DEVICE_FAMILY = "1,2";
				TEST_TARGET_NAME = kmn;
			};
			name = Debug;
		};
		157857012811AA20009BD650 /* Release */ = {
			isa = XCBuildConfiguration;
			buildSettings = {
				ALWAYS_EMBED_SWIFT_STANDARD_LIBRARIES = YES;
				CODE_SIGN_STYLE = Automatic;
				CURRENT_PROJECT_VERSION = 1;
				DEVELOPMENT_TEAM = 26S62D8826;
				GENERATE_INFOPLIST_FILE = YES;
				MARKETING_VERSION = 1.0;
				PRODUCT_BUNDLE_IDENTIFIER = study.kmnUITests;
				PRODUCT_NAME = "$(TARGET_NAME)";
				SWIFT_EMIT_LOC_STRINGS = NO;
				SWIFT_VERSION = 5.0;
				TARGETED_DEVICE_FAMILY = "1,2";
				TEST_TARGET_NAME = kmn;
			};
			name = Release;
		};
/* End XCBuildConfiguration section */

/* Begin XCConfigurationList section */
		157856D02811AA1D009BD650 /* Build configuration list for PBXProject "kmn" */ = {
			isa = XCConfigurationList;
			buildConfigurations = (
				157856F72811AA20009BD650 /* Debug */,
				157856F82811AA20009BD650 /* Release */,
			);
			defaultConfigurationIsVisible = 0;
			defaultConfigurationName = Release;
		};
		157856F92811AA20009BD650 /* Build configuration list for PBXNativeTarget "kmn" */ = {
			isa = XCConfigurationList;
			buildConfigurations = (
				157856FA2811AA20009BD650 /* Debug */,
				157856FB2811AA20009BD650 /* Release */,
			);
			defaultConfigurationIsVisible = 0;
			defaultConfigurationName = Release;
		};
		157856FC2811AA20009BD650 /* Build configuration list for PBXNativeTarget "kmnTests" */ = {
			isa = XCConfigurationList;
			buildConfigurations = (
				157856FD2811AA20009BD650 /* Debug */,
				157856FE2811AA20009BD650 /* Release */,
			);
			defaultConfigurationIsVisible = 0;
			defaultConfigurationName = Release;
		};
		157856FF2811AA20009BD650 /* Build configuration list for PBXNativeTarget "kmnUITests" */ = {
			isa = XCConfigurationList;
			buildConfigurations = (
				157857002811AA20009BD650 /* Debug */,
				157857012811AA20009BD650 /* Release */,
			);
			defaultConfigurationIsVisible = 0;
			defaultConfigurationName = Release;
		};
/* End XCConfigurationList section */
	};
	rootObject = 157856CD2811AA1D009BD650 /* Project object */;
}
